
Microsoft Visual Studio Solution File, Format Version 12.00
# Visual Studio 2013
Project("{FAE04EC0-301F-11D3-BF4B-00C04F79EFBC}") = "UnityVS.SimpleAIProject.CSharp.Plugins", "UnityVS.SimpleAIProject.CSharp.Plugins.csproj", "{0CF5ADC4-E15E-76BE-D918-560096E64EB9}"
EndProject
Project("{FAE04EC0-301F-11D3-BF4B-00C04F79EFBC}") = "UnityVS.SimpleAIProject.CSharp", "UnityVS.SimpleAIProject.CSharp.csproj", "{3DA13480-724D-5030-0C17-0BA73FDE4A79}"
EndProject
Global
	GlobalSection(SolutionConfigurationPlatforms) = preSolution
		Debug|Any CPU = Debug|Any CPU
		Release|Any CPU = Release|Any CPU
	EndGlobalSection
	GlobalSection(ProjectConfigurationPlatforms) = postSolution
		{0CF5ADC4-E15E-76BE-D918-560096E64EB9}.Debug|Any CPU.ActiveCfg = Debug|Any CPU
		{0CF5ADC4-E15E-76BE-D918-560096E64EB9}.Debug|Any CPU.Build.0 = Debug|Any CPU
		{0CF5ADC4-E15E-76BE-D918-560096E64EB9}.Release|Any CPU.ActiveCfg = Release|Any CPU
		{0CF5ADC4-E15E-76BE-D918-560096E64EB9}.Release|Any CPU.Build.0 = Release|Any CPU
		{3DA13480-724D-5030-0C17-0BA73FDE4A79}.Debug|Any CPU.ActiveCfg = Debug|Any CPU
		{3DA13480-724D-5030-0C17-0BA73FDE4A79}.Debug|Any CPU.Build.0 = Debug|Any CPU
		{3DA13480-724D-5030-0C17-0BA73FDE4A79}.Release|Any CPU.ActiveCfg = Release|Any CPU
		{3DA13480-724D-5030-0C17-0BA73FDE4A79}.Release|Any CPU.Build.0 = Release|Any CPU
	EndGlobalSection
	GlobalSection(SolutionProperties) = preSolution
		HideSolutionNode = FALSE
	EndGlobalSection
EndGlobal
